{
  "nodes": {
    "nixpkgs": {
      "locked": {
        "lastModified": 1721429417,
        "narHash": "sha256-AJW9xfwZfYMT9sltcIxxWnbRLV0XVTo7gPHGqc7Ev+4=",
        "owner": "nixos",
        "repo": "nixpkgs",
        "rev": "74435c9234c751e6786c5f3fd34ff6b0f0c13bd1",
        "type": "github"
      },
      "original": {
        "owner": "nixos",
        "ref": "release-24.05",
        "repo": "nixpkgs",
        "type": "github"
      }
    },
    "root": {
      "inputs": {
        "nixpkgs": "nixpkgs"
      }
    }
  },
  "root": "root",
  "version": 7
}
